
Microsoft Visual Studio Solution File, Format Version 12.00
# Visual Studio 15
VisualStudioVersion = 15.0.27428.2027
MinimumVisualStudioVersion = 10.0.40219.1
Project("{FAE04EC0-301F-11D3-BF4B-00C04F79EFBC}") = "nival_testing", "nival_testing\nival_testing.csproj", "{BFB8CBB0-6531-4B2B-A754-E8D980571074}"
EndProject
Global
	GlobalSection(SolutionConfigurationPlatforms) = preSolution
		Debug|Any CPU = Debug|Any CPU
		Release|Any CPU = Release|Any CPU
	EndGlobalSection
	GlobalSection(ProjectConfigurationPlatforms) = postSolution
		{BFB8CBB0-6531-4B2B-A754-E8D980571074}.Debug|Any CPU.ActiveCfg = Debug|Any CPU
		{BFB8CBB0-6531-4B2B-A754-E8D980571074}.Debug|Any CPU.Build.0 = Debug|Any CPU
		{BFB8CBB0-6531-4B2B-A754-E8D980571074}.Release|Any CPU.ActiveCfg = Release|Any CPU
		{BFB8CBB0-6531-4B2B-A754-E8D980571074}.Release|Any CPU.Build.0 = Release|Any CPU
	EndGlobalSection
	GlobalSection(SolutionProperties) = preSolution
		HideSolutionNode = FALSE
	EndGlobalSection
	GlobalSection(ExtensibilityGlobals) = postSolution
		SolutionGuid = {18323A4B-B745-4709-A758-6E4BBB3F2B4F}
	EndGlobalSection
EndGlobal
